# THIS IS AN AUTOGENERATED FILE. DO NOT EDIT THIS FILE DIRECTLY.
# yarn lockfile v1


"@adraffy/ens-normalize@1.10.0":
  version "1.10.0"
  resolved "https://registry.yarnpkg.com/@adraffy/ens-normalize/-/ens-normalize-1.10.0.tgz#d2a39395c587e092d77cbbc80acf956a54f38bf7"
  integrity sha512-nA9XHtlAkYfJxY7bce8DcN7eKxWWCWkU+1GR9d+U6MbNpfwQp8TI7vqOsBsMcHoT4mBu2kypKoSKnghEzOOq5Q==

"@chainsafe/as-sha256@^0.4.2":
  version "0.4.2"
  resolved "https://registry.yarnpkg.com/@chainsafe/as-sha256/-/as-sha256-0.4.2.tgz#21ad1371e2245e430c1a554a05f10d333c6f42cc"
  integrity sha512-HJ8GZBRjLeWtRsAXf3EbNsNzmTGpzTFjfpSf4yHkLYC+E52DhT6hwz+7qpj6I/EmFzSUm5tYYvT9K8GZokLQCQ==

"@chainsafe/persistent-merkle-tree@^0.7.2":
  version "0.7.2"
  resolved "https://registry.yarnpkg.com/@chainsafe/persistent-merkle-tree/-/persistent-merkle-tree-0.7.2.tgz#f0ef91daf36752f827432333cbc965f4bf6e750e"
  integrity sha512-BUAqrmSUmy6bZhXxnhpR+aYoEDdCeS1dQvq/aje0CDEB14ZHF9UVN2mL9MolOD0ANUiP1OaPG3KfVBxvuW8aTg==
  dependencies:
    "@chainsafe/as-sha256" "^0.4.2"
    "@noble/hashes" "^1.3.0"

"@chainsafe/ssz@^0.16.0":
  version "0.16.0"
  resolved "https://registry.yarnpkg.com/@chainsafe/ssz/-/ssz-0.16.0.tgz#262c491ac037777a16e8d8db479da2ba27539b8d"
  integrity sha512-CgTDyrkbAKvrKwHxPT5rerXAHP3NB+uOvpnN9Gn8aJ/4TGOKhOboj4131bSFUZ679uPJ6pu6391cvInuOdrglw==
  dependencies:
    "@chainsafe/as-sha256" "^0.4.2"
    "@chainsafe/persistent-merkle-tree" "^0.7.2"

"@iden3/js-crypto@^1.1.0":
  version "1.1.0"
  resolved "https://registry.yarnpkg.com/@iden3/js-crypto/-/js-crypto-1.1.0.tgz#256cf19c030fed80ce0a6580fc53b8c42731bd3a"
  integrity sha512-MbL7OpOxBoCybAPoorxrp+fwjDVESyDe6giIWxErjEIJy0Q2n1DU4VmKh4vDoCyhJx/RdVgT8Dkb59lKwISqsw==

"@nilfoundation/niljs@^0.13.0":
  version "0.13.0"
  resolved "https://registry.yarnpkg.com/@nilfoundation/niljs/-/niljs-0.13.0.tgz#b405a49c34cb338368cb399a3b2bb6dae26a566c"
  integrity sha512-tUveyiP6X/3TmV6hKQPEFAmf/MSgHfFpPqbhIL2TrU+F7UsgKkvyyMuKvfWYhXZTTvMBF9fLlUy7jX0zE7GRCw==
  dependencies:
    "@chainsafe/persistent-merkle-tree" "^0.7.2"
    "@chainsafe/ssz" "^0.16.0"
    "@iden3/js-crypto" "^1.1.0"
    "@noble/curves" "^1.4.0"
    "@open-rpc/client-js" "^1.8.1"
    "@rollup/plugin-json" "^6.1.0"
    "@scure/bip39" "^1.3.0"
    abitype "^1.0.2"
    tiny-invariant "^1.3.3"
    viem "^2.16.3"

"@noble/curves@1.4.0":
  version "1.4.0"
  resolved "https://registry.yarnpkg.com/@noble/curves/-/curves-1.4.0.tgz#f05771ef64da724997f69ee1261b2417a49522d6"
  integrity sha512-p+4cb332SFCrReJkCYe8Xzm0OWi4Jji5jVdIZRL/PmacmDkFNw6MrrV+gGpiPxLHbV+zKFRywUWbaseT+tZRXg==
  dependencies:
    "@noble/hashes" "1.4.0"

"@noble/curves@^1.4.0":
  version "1.6.0"
  resolved "https://registry.yarnpkg.com/@noble/curves/-/curves-1.6.0.tgz#be5296ebcd5a1730fccea4786d420f87abfeb40b"
  integrity sha512-TlaHRXDehJuRNR9TfZDNQ45mMEd5dwUwmicsafcIX4SsNiqnCHKjE/1alYPd/lDRVhxdhUAlv8uEhMCI5zjIJQ==
  dependencies:
    "@noble/hashes" "1.5.0"

"@noble/curves@~1.4.0":
  version "1.4.2"
  resolved "https://registry.yarnpkg.com/@noble/curves/-/curves-1.4.2.tgz#40309198c76ed71bc6dbf7ba24e81ceb4d0d1fe9"
  integrity sha512-TavHr8qycMChk8UwMld0ZDRvatedkzWfH8IiaeGCfymOP5i0hSCozz9vHOL0nkwk7HRMlFnAiKpS2jrUmSybcw==
  dependencies:
    "@noble/hashes" "1.4.0"

"@noble/hashes@1.4.0", "@noble/hashes@~1.4.0":
  version "1.4.0"
  resolved "https://registry.yarnpkg.com/@noble/hashes/-/hashes-1.4.0.tgz#45814aa329f30e4fe0ba49426f49dfccdd066426"
  integrity sha512-V1JJ1WTRUqHHrOSh597hURcMqVKVGL/ea3kv0gSnEdsEZ0/+VyPghM1lMNGc00z7CIQorSvbKpuJkxvuHbvdbg==

"@noble/hashes@1.5.0", "@noble/hashes@^1.3.0", "@noble/hashes@^1.4.0", "@noble/hashes@~1.5.0":
  version "1.5.0"
  resolved "https://registry.yarnpkg.com/@noble/hashes/-/hashes-1.5.0.tgz#abadc5ca20332db2b1b2aa3e496e9af1213570b0"
  integrity sha512-1j6kQFb7QRru7eKN3ZDvRcP13rugwdxZqCjbiAVZfIJwgj2A65UmT4TgARXGlXgnRkORLTDTrO19ZErt7+QXgA==

"@open-rpc/client-js@^1.8.1":
  version "1.8.1"
  resolved "https://registry.yarnpkg.com/@open-rpc/client-js/-/client-js-1.8.1.tgz#73b5a5bf237f24b14c3c89205b1fca3aea213213"
  integrity sha512-vV+Hetl688nY/oWI9IFY0iKDrWuLdYhf7OIKI6U1DcnJV7r4gAgwRJjEr1QVYszUc0gjkHoQJzqevmXMGLyA0g==
  dependencies:
    isomorphic-fetch "^3.0.0"
    isomorphic-ws "^5.0.0"
    strict-event-emitter-types "^2.0.0"
    ws "^7.0.0"

"@rollup/plugin-json@^6.1.0":
  version "6.1.0"
  resolved "https://registry.yarnpkg.com/@rollup/plugin-json/-/plugin-json-6.1.0.tgz#fbe784e29682e9bb6dee28ea75a1a83702e7b805"
  integrity sha512-EGI2te5ENk1coGeADSIwZ7G2Q8CJS2sF120T7jLw4xFw9n7wIOXHo+kIYRAoVpJAN+kmqZSoO3Fp4JtoNF4ReA==
  dependencies:
    "@rollup/pluginutils" "^5.1.0"

"@rollup/pluginutils@^5.1.0":
  version "5.1.0"
  resolved "https://registry.yarnpkg.com/@rollup/pluginutils/-/pluginutils-5.1.0.tgz#7e53eddc8c7f483a4ad0b94afb1f7f5fd3c771e0"
  integrity sha512-XTIWOPPcpvyKI6L1NHo0lFlCyznUEyPmPY1mc3KpPVDYulHSTvyeLNVW00QTLIAFNhR3kYnJTQHeGqU4M3n09g==
  dependencies:
    "@types/estree" "^1.0.0"
    estree-walker "^2.0.2"
    picomatch "^2.3.1"

"@scure/base@~1.1.6", "@scure/base@~1.1.8":
  version "1.1.8"
  resolved "https://registry.yarnpkg.com/@scure/base/-/base-1.1.8.tgz#8f23646c352f020c83bca750a82789e246d42b50"
  integrity sha512-6CyAclxj3Nb0XT7GHK6K4zK6k2xJm6E4Ft0Ohjt4WgegiFUHEtFb2CGzmPmGBwoIhrLsqNLYfLr04Y1GePrzZg==

"@scure/bip32@1.4.0":
  version "1.4.0"
  resolved "https://registry.yarnpkg.com/@scure/bip32/-/bip32-1.4.0.tgz#4e1f1e196abedcef395b33b9674a042524e20d67"
  integrity sha512-sVUpc0Vq3tXCkDGYVWGIZTRfnvu8LoTDaev7vbwh0omSvVORONr960MQWdKqJDCReIEmTj3PAr73O3aoxz7OPg==
  dependencies:
    "@noble/curves" "~1.4.0"
    "@noble/hashes" "~1.4.0"
    "@scure/base" "~1.1.6"

"@scure/bip39@1.4.0", "@scure/bip39@^1.3.0":
  version "1.4.0"
  resolved "https://registry.yarnpkg.com/@scure/bip39/-/bip39-1.4.0.tgz#664d4f851564e2e1d4bffa0339f9546ea55960a6"
  integrity sha512-BEEm6p8IueV/ZTfQLp/0vhw4NPnT9oWf5+28nvmeUICjP99f4vr2d+qc7AVGDDtwRep6ifR43Yed9ERVmiITzw==
  dependencies:
    "@noble/hashes" "~1.5.0"
    "@scure/base" "~1.1.8"

"@types/estree@^1.0.0":
  version "1.0.5"
  resolved "https://registry.yarnpkg.com/@types/estree/-/estree-1.0.5.tgz#a6ce3e556e00fd9895dd872dd172ad0d4bd687f4"
  integrity sha512-/kYRxGDLWzHOB7q+wtSUQlFrtcdUccpfy+X+9iMBpHK8QLLhx2wIPYuS5DYtR9Wa/YlZAbIovy7qVdB1Aq6Lyw==

abitype@1.0.5:
  version "1.0.5"
  resolved "https://registry.yarnpkg.com/abitype/-/abitype-1.0.5.tgz#29d0daa3eea867ca90f7e4123144c1d1270774b6"
  integrity sha512-YzDhti7cjlfaBhHutMaboYB21Ha3rXR9QTkNJFzYC4kC8YclaiwPBBBJY8ejFdu2wnJeZCVZSMlQJ7fi8S6hsw==

abitype@^1.0.2, abitype@^1.0.6:
  version "1.0.6"
  resolved "https://registry.yarnpkg.com/abitype/-/abitype-1.0.6.tgz#76410903e1d88e34f1362746e2d407513c38565b"
  integrity sha512-MMSqYh4+C/aVqI2RQaWqbvI4Kxo5cQV40WQ4QFtDnNzCkqChm8MuENhElmynZlO0qUy/ObkEUaXtKqYnx1Kp3A==

estree-walker@^2.0.2:
  version "2.0.2"
  resolved "https://registry.yarnpkg.com/estree-walker/-/estree-walker-2.0.2.tgz#52f010178c2a4c117a7757cfe942adb7d2da4cac"
  integrity sha512-Rfkk/Mp/DL7JVje3u18FxFujQlTNR2q6QfMSMB7AvCBx91NGj/ba3kCfza0f6dVDbw7YlRf/nDrn7pQrCCyQ/w==

isomorphic-fetch@^3.0.0:
  version "3.0.0"
  resolved "https://registry.yarnpkg.com/isomorphic-fetch/-/isomorphic-fetch-3.0.0.tgz#0267b005049046d2421207215d45d6a262b8b8b4"
  integrity sha512-qvUtwJ3j6qwsF3jLxkZ72qCgjMysPzDfeV240JHiGZsANBYd+EEuu35v7dfrJ9Up0Ak07D7GGSkGhCHTqg/5wA==
  dependencies:
    node-fetch "^2.6.1"
    whatwg-fetch "^3.4.1"

isomorphic-ws@^5.0.0:
  version "5.0.0"
  resolved "https://registry.yarnpkg.com/isomorphic-ws/-/isomorphic-ws-5.0.0.tgz#e5529148912ecb9b451b46ed44d53dae1ce04bbf"
  integrity sha512-muId7Zzn9ywDsyXgTIafTry2sV3nySZeUDe6YedVd1Hvuuep5AsIlqK+XefWpYTyJG5e503F2xIuT2lcU6rCSw==

isows@1.0.4:
  version "1.0.4"
  resolved "https://registry.yarnpkg.com/isows/-/isows-1.0.4.tgz#810cd0d90cc4995c26395d2aa4cfa4037ebdf061"
  integrity sha512-hEzjY+x9u9hPmBom9IIAqdJCwNLax+xrPb51vEPpERoFlIxgmZcHzsT5jKG06nvInKOBGvReAVz80Umed5CczQ==

node-fetch@^2.6.1:
  version "2.7.0"
  resolved "https://registry.yarnpkg.com/node-fetch/-/node-fetch-2.7.0.tgz#d0f0fa6e3e2dc1d27efcd8ad99d550bda94d187d"
  integrity sha512-c4FRfUm/dbcWZ7U+1Wq0AwCyFL+3nt2bEw05wfxSz+DWpWsitgmSgYmy2dQdWyKC1694ELPqMs/YzUSNozLt8A==
  dependencies:
    whatwg-url "^5.0.0"

picomatch@^2.3.1:
  version "2.3.1"
  resolved "https://registry.yarnpkg.com/picomatch/-/picomatch-2.3.1.tgz#3ba3833733646d9d3e4995946c1365a67fb07a42"
  integrity sha512-JU3teHTNjmE2VCGFzuY8EXzCDVwEqB2a8fsIvwaStHhAWJEeVd1o1QD80CU6+ZdEXXSLbSsuLwJjkCBWqRQUVA==

prettier@^3.3.3:
  version "3.3.3"
  resolved "https://registry.yarnpkg.com/prettier/-/prettier-3.3.3.tgz#30c54fe0be0d8d12e6ae61dbb10109ea00d53105"
  integrity sha512-i2tDNA0O5IrMO757lfrdQZCc2jPNDVntV0m/+4whiDfWaTKfMNgR7Qz0NAeGz/nRqF4m5/6CLzbP4/liHt12Ew==

strict-event-emitter-types@^2.0.0:
  version "2.0.0"
  resolved "https://registry.yarnpkg.com/strict-event-emitter-types/-/strict-event-emitter-types-2.0.0.tgz#05e15549cb4da1694478a53543e4e2f4abcf277f"
  integrity sha512-Nk/brWYpD85WlOgzw5h173aci0Teyv8YdIAEtV+N88nDB0dLlazZyJMIsN6eo1/AR61l+p6CJTG1JIyFaoNEEA==

tiny-invariant@^1.3.3:
  version "1.3.3"
  resolved "https://registry.yarnpkg.com/tiny-invariant/-/tiny-invariant-1.3.3.tgz#46680b7a873a0d5d10005995eb90a70d74d60127"
  integrity sha512-+FbBPE1o9QAYvviau/qC5SE3caw21q3xkvWKBtja5vgqOWIHHJ3ioaq1VPfn/Szqctz2bU/oYeKd9/z5BL+PVg==

tr46@~0.0.3:
  version "0.0.3"
  resolved "https://registry.yarnpkg.com/tr46/-/tr46-0.0.3.tgz#8184fd347dac9cdc185992f3a6622e14b9d9ab6a"
  integrity sha512-N3WMsuqV66lT30CrXNbEjx4GEwlow3v6rr4mCcv6prnfwhS01rkgyFdjPNBYd9br7LpXV1+Emh01fHnq2Gdgrw==

ts-essentials@^10.0.2:
  version "10.0.2"
  resolved "https://registry.yarnpkg.com/ts-essentials/-/ts-essentials-10.0.2.tgz#8c7aa74ed79580ffe49df5ca28d06cc6bea0ff3c"
  integrity sha512-Xwag0TULqriaugXqVdDiGZ5wuZpqABZlpwQ2Ho4GDyiu/R2Xjkp/9+zcFxL7uzeLl/QCPrflnvpVYyS3ouT7Zw==

typescript@^5.6.2:
  version "5.6.2"
  resolved "https://registry.yarnpkg.com/typescript/-/typescript-5.6.2.tgz#d1de67b6bef77c41823f822df8f0b3bcff60a5a0"
  integrity sha512-NW8ByodCSNCwZeghjN3o+JX5OFH0Ojg6sadjEKY4huZ52TqbJTJnDo5+Tw98lSy63NZvi4n+ez5m2u5d4PkZyw==

viem@^2.16.3, viem@^2.21.7:
  version "2.21.7"
  resolved "https://registry.yarnpkg.com/viem/-/viem-2.21.7.tgz#c933fd3adb6f771e5c5fe2b4d7a14d8701ddc32f"
  integrity sha512-PFgppakInuHX31wHDx1dzAjhj4t6Po6WrWtutDi33z2vabIT0Wv8qT6tl7DLqfLy2NkTqfN2mdshYLeoI5ZHvQ==
  dependencies:
    "@adraffy/ens-normalize" "1.10.0"
    "@noble/curves" "1.4.0"
    "@noble/hashes" "1.4.0"
    "@scure/bip32" "1.4.0"
    "@scure/bip39" "1.4.0"
    abitype "1.0.5"
    isows "1.0.4"
    webauthn-p256 "0.0.5"
    ws "8.17.1"

webauthn-p256@0.0.5:
  version "0.0.5"
  resolved "https://registry.yarnpkg.com/webauthn-p256/-/webauthn-p256-0.0.5.tgz#0baebd2ba8a414b21cc09c0d40f9dd0be96a06bd"
  integrity sha512-drMGNWKdaixZNobeORVIqq7k5DsRC9FnG201K2QjeOoQLmtSDaSsVZdkg6n5jUALJKcAG++zBPJXmv6hy0nWFg==
  dependencies:
    "@noble/curves" "^1.4.0"
    "@noble/hashes" "^1.4.0"

webidl-conversions@^3.0.0:
  version "3.0.1"
  resolved "https://registry.yarnpkg.com/webidl-conversions/-/webidl-conversions-3.0.1.tgz#24534275e2a7bc6be7bc86611cc16ae0a5654871"
  integrity sha512-2JAn3z8AR6rjK8Sm8orRC0h/bcl/DqL7tRPdGZ4I1CjdF+EaMLmYxBHyXuKL849eucPFhvBoxMsflfOb8kxaeQ==

whatwg-fetch@^3.4.1:
  version "3.6.20"
  resolved "https://registry.yarnpkg.com/whatwg-fetch/-/whatwg-fetch-3.6.20.tgz#580ce6d791facec91d37c72890995a0b48d31c70"
  integrity sha512-EqhiFU6daOA8kpjOWTL0olhVOF3i7OrFzSYiGsEMB8GcXS+RrzauAERX65xMeNWVqxA6HXH2m69Z9LaKKdisfg==

whatwg-url@^5.0.0:
  version "5.0.0"
  resolved "https://registry.yarnpkg.com/whatwg-url/-/whatwg-url-5.0.0.tgz#966454e8765462e37644d3626f6742ce8b70965d"
  integrity sha512-saE57nupxk6v3HY35+jzBwYa0rKSy0XR8JSxZPwgLr7ys0IBzhGviA1/TUGJLmSVqs8pb9AnvICXEuOHLprYTw==
  dependencies:
    tr46 "~0.0.3"
    webidl-conversions "^3.0.0"

ws@8.17.1:
  version "8.17.1"
  resolved "https://registry.yarnpkg.com/ws/-/ws-8.17.1.tgz#9293da530bb548febc95371d90f9c878727d919b"
  integrity sha512-6XQFvXTkbfUOZOKKILFG1PDK2NDQs4azKQl26T0YS5CxqWLgXajbPZ+h4gZekJyRqFU8pvnbAbbs/3TgRPy+GQ==

ws@^7.0.0:
  version "7.5.10"
  resolved "https://registry.yarnpkg.com/ws/-/ws-7.5.10.tgz#58b5c20dc281633f6c19113f39b349bd8bd558d9"
  integrity sha512-+dbF1tHwZpXcbOJdVOkzLDxZP1ailvSxM6ZweXTegylPny803bFhA+vqBYw4s31NSAk4S2Qz+AKXK9a4wkdjcQ==
